
Microsoft Visual Studio Solution File, Format Version 12.00
# Visual Studio Version 17
VisualStudioVersion = 17.7.34018.315
MinimumVisualStudioVersion = 10.0.40219.1
Project("{FAE04EC0-301F-11D3-BF4B-00C04F79EFBC}") = "1.9", "1.9\1.9.csproj", "{C684390D-3000-461B-BB86-89B326541C99}"
EndProject
Global
	GlobalSection(SolutionConfigurationPlatforms) = preSolution
		Debug|Any CPU = Debug|Any CPU
		Release|Any CPU = Release|Any CPU
	EndGlobalSection
	GlobalSection(ProjectConfigurationPlatforms) = postSolution
		{C684390D-3000-461B-BB86-89B326541C99}.Debug|Any CPU.ActiveCfg = Debug|Any CPU
		{C684390D-3000-461B-BB86-89B326541C99}.Debug|Any CPU.Build.0 = Debug|Any CPU
		{C684390D-3000-461B-BB86-89B326541C99}.Release|Any CPU.ActiveCfg = Release|Any CPU
		{C684390D-3000-461B-BB86-89B326541C99}.Release|Any CPU.Build.0 = Release|Any CPU
	EndGlobalSection
	GlobalSection(SolutionProperties) = preSolution
		HideSolutionNode = FALSE
	EndGlobalSection
	GlobalSection(ExtensibilityGlobals) = postSolution
		SolutionGuid = {009FBADC-70FE-48FB-A45C-CF45DE04B5B0}
	EndGlobalSection
EndGlobal
