
Microsoft Visual Studio Solution File, Format Version 12.00
# Visual Studio Version 17
VisualStudioVersion = 17.6.33815.320
MinimumVisualStudioVersion = 10.0.40219.1
Project("{FAE04EC0-301F-11D3-BF4B-00C04F79EFBC}") = "ASPSec4-DataValidation", "ASPSec4-DataValidation\ASPSec4-DataValidation.csproj", "{76A047AE-B167-4CB6-B71A-AFF01541D906}"
EndProject
Global
	GlobalSection(SolutionConfigurationPlatforms) = preSolution
		Debug|Any CPU = Debug|Any CPU
		Release|Any CPU = Release|Any CPU
	EndGlobalSection
	GlobalSection(ProjectConfigurationPlatforms) = postSolution
		{76A047AE-B167-4CB6-B71A-AFF01541D906}.Debug|Any CPU.ActiveCfg = Debug|Any CPU
		{76A047AE-B167-4CB6-B71A-AFF01541D906}.Debug|Any CPU.Build.0 = Debug|Any CPU
		{76A047AE-B167-4CB6-B71A-AFF01541D906}.Release|Any CPU.ActiveCfg = Release|Any CPU
		{76A047AE-B167-4CB6-B71A-AFF01541D906}.Release|Any CPU.Build.0 = Release|Any CPU
	EndGlobalSection
	GlobalSection(SolutionProperties) = preSolution
		HideSolutionNode = FALSE
	EndGlobalSection
	GlobalSection(ExtensibilityGlobals) = postSolution
		SolutionGuid = {A186D0ED-61E7-43B4-918D-8BDDD5107EF8}
	EndGlobalSection
EndGlobal
